[{<<"cowboy">>,
  {git,"https://github.com/ninenines/cowboy.git",
       {ref,"3eec447960eb03cde48f0f04cd72fd4d1e548ca0"}},
  0},
 {<<"cowlib">>,
  {git,"https://github.com/ninenines/cowlib",
       {ref,"1b5539a1da1d39b110d81b118000f00bbedaf4b4"}},
  1},
 {<<"ranch">>,
  {git,"https://github.com/ninenines/ranch",
       {ref,"3190aef88aea04d6dce8545fe9b4574288903f44"}},
  1}].
